
Microsoft Visual Studio Solution File, Format Version 12.00
# Visual Studio Version 17
VisualStudioVersion = 17.2.32519.379
MinimumVisualStudioVersion = 10.0.40219.1
Project("{2150E333-8FDC-42A3-9474-1A3956D46DE8}") = "Common", "Common", "{C090436E-3B35-4555-967E-3504C2A2178E}"
EndProject
Project("{2150E333-8FDC-42A3-9474-1A3956D46DE8}") = "Repository", "Repository", "{DAD71489-33A6-437A-98E4-E4BA7EFC69DF}"
EndProject
Project("{2150E333-8FDC-42A3-9474-1A3956D46DE8}") = "Services", "Services", "{3343DF23-801C-415A-8025-096C287A89D6}"
EndProject
Project("{2150E333-8FDC-42A3-9474-1A3956D46DE8}") = "WebApp", "WebApp", "{C8073E42-2392-41B1-AD17-531EAF53310F}"
EndProject
Project("{9A19103F-16F7-4668-BE54-9A1E7A4F7556}") = "Simple.Common", "Simple.Common\Simple.Common.csproj", "{4F48B307-606F-4DC5-AF9F-60E6C201E04E}"
EndProject
Project("{9A19103F-16F7-4668-BE54-9A1E7A4F7556}") = "Simple.Repository", "Simple.Repository\Simple.Repository.csproj", "{1D4670C4-687B-4359-B8FB-B82670157FCF}"
EndProject
Project("{9A19103F-16F7-4668-BE54-9A1E7A4F7556}") = "Simple.Services", "Simple.Services\Simple.Services.csproj", "{ABADFFA2-0E2F-4936-8FA6-1964AF3B9B69}"
EndProject
Project("{9A19103F-16F7-4668-BE54-9A1E7A4F7556}") = "Simple.WebApi", "Simple.WebApi\Simple.WebApi.csproj", "{DF09A00C-E6CB-42C0-B39F-16464A10A24D}"
EndProject
Global
	GlobalSection(SolutionConfigurationPlatforms) = preSolution
		Debug|Any CPU = Debug|Any CPU
		Release|Any CPU = Release|Any CPU
	EndGlobalSection
	GlobalSection(ProjectConfigurationPlatforms) = postSolution
		{4F48B307-606F-4DC5-AF9F-60E6C201E04E}.Debug|Any CPU.ActiveCfg = Debug|Any CPU
		{4F48B307-606F-4DC5-AF9F-60E6C201E04E}.Debug|Any CPU.Build.0 = Debug|Any CPU
		{4F48B307-606F-4DC5-AF9F-60E6C201E04E}.Release|Any CPU.ActiveCfg = Release|Any CPU
		{4F48B307-606F-4DC5-AF9F-60E6C201E04E}.Release|Any CPU.Build.0 = Release|Any CPU
		{1D4670C4-687B-4359-B8FB-B82670157FCF}.Debug|Any CPU.ActiveCfg = Debug|Any CPU
		{1D4670C4-687B-4359-B8FB-B82670157FCF}.Debug|Any CPU.Build.0 = Debug|Any CPU
		{1D4670C4-687B-4359-B8FB-B82670157FCF}.Release|Any CPU.ActiveCfg = Release|Any CPU
		{1D4670C4-687B-4359-B8FB-B82670157FCF}.Release|Any CPU.Build.0 = Release|Any CPU
		{ABADFFA2-0E2F-4936-8FA6-1964AF3B9B69}.Debug|Any CPU.ActiveCfg = Debug|Any CPU
		{ABADFFA2-0E2F-4936-8FA6-1964AF3B9B69}.Debug|Any CPU.Build.0 = Debug|Any CPU
		{ABADFFA2-0E2F-4936-8FA6-1964AF3B9B69}.Release|Any CPU.ActiveCfg = Release|Any CPU
		{ABADFFA2-0E2F-4936-8FA6-1964AF3B9B69}.Release|Any CPU.Build.0 = Release|Any CPU
		{DF09A00C-E6CB-42C0-B39F-16464A10A24D}.Debug|Any CPU.ActiveCfg = Debug|Any CPU
		{DF09A00C-E6CB-42C0-B39F-16464A10A24D}.Debug|Any CPU.Build.0 = Debug|Any CPU
		{DF09A00C-E6CB-42C0-B39F-16464A10A24D}.Release|Any CPU.ActiveCfg = Release|Any CPU
		{DF09A00C-E6CB-42C0-B39F-16464A10A24D}.Release|Any CPU.Build.0 = Release|Any CPU
	EndGlobalSection
	GlobalSection(SolutionProperties) = preSolution
		HideSolutionNode = FALSE
	EndGlobalSection
	GlobalSection(NestedProjects) = preSolution
		{4F48B307-606F-4DC5-AF9F-60E6C201E04E} = {C090436E-3B35-4555-967E-3504C2A2178E}
		{1D4670C4-687B-4359-B8FB-B82670157FCF} = {DAD71489-33A6-437A-98E4-E4BA7EFC69DF}
		{ABADFFA2-0E2F-4936-8FA6-1964AF3B9B69} = {3343DF23-801C-415A-8025-096C287A89D6}
		{DF09A00C-E6CB-42C0-B39F-16464A10A24D} = {C8073E42-2392-41B1-AD17-531EAF53310F}
	EndGlobalSection
	GlobalSection(ExtensibilityGlobals) = postSolution
		SolutionGuid = {A9CF947F-5745-4D18-BD25-7775684A65B7}
	EndGlobalSection
EndGlobal
