
Microsoft Visual Studio Solution File, Format Version 12.00
# Visual Studio Version 17
VisualStudioVersion = 17.2.32519.379
MinimumVisualStudioVersion = 10.0.40219.1
Project("{FAE04EC0-301F-11D3-BF4B-00C04F79EFBC}") = "SimpleApp.Common", "SimpleApp.Common\SimpleApp.Common.csproj", "{37C5DD2E-1A61-4ED4-949E-1896D5EB4A33}"
EndProject
Project("{FAE04EC0-301F-11D3-BF4B-00C04F79EFBC}") = "SimpleApp.Model", "SimpleApp.Model\SimpleApp.Model.csproj", "{5A250827-E219-44A9-82B0-4445515FBDF5}"
EndProject
Project("{FAE04EC0-301F-11D3-BF4B-00C04F79EFBC}") = "SimpleApp.EntitiyFrameworkCore", "SimpleApp.EntitiyFrameworkCore\SimpleApp.EntitiyFrameworkCore.csproj", "{7FEDF3CF-88A5-4D41-A466-C1DBAF3B5815}"
EndProject
Project("{FAE04EC0-301F-11D3-BF4B-00C04F79EFBC}") = "SimpleApp.EntitiyFrameworkCore.Migrations", "SimpleApp.EntitiyFrameworkCore.Migrations\SimpleApp.EntitiyFrameworkCore.Migrations.csproj", "{EAC1C8B0-2EB7-4764-82D4-EAFDFD643019}"
EndProject
Project("{FAE04EC0-301F-11D3-BF4B-00C04F79EFBC}") = "SimpleApp.Services", "SimpleApp.Services\SimpleApp.Services.csproj", "{1599542A-8AE8-4F86-B927-625C8BBCFC7C}"
EndProject
Project("{FAE04EC0-301F-11D3-BF4B-00C04F79EFBC}") = "SimpleApp.Services.Contracts", "SimpleApp.Services.Contracts\SimpleApp.Services.Contracts.csproj", "{F78A9261-0CF0-471D-8644-6DD3D45CFF90}"
EndProject
Project("{FAE04EC0-301F-11D3-BF4B-00C04F79EFBC}") = "SimpleApp.Host", "SimpleApp.Host\SimpleApp.Host.csproj", "{24CE009B-2185-4E6C-9FD5-6EC4A4AF6943}"
EndProject
Project("{FAE04EC0-301F-11D3-BF4B-00C04F79EFBC}") = "SimpleApp.WebApi", "SimpleApp.WebApi\SimpleApp.WebApi.csproj", "{94999DB3-3E15-4208-B848-E45229724CB2}"
EndProject
Project("{2150E333-8FDC-42A3-9474-1A3956D46DE8}") = "Common", "Common", "{C090436E-3B35-4555-967E-3504C2A2178E}"
EndProject
Project("{2150E333-8FDC-42A3-9474-1A3956D46DE8}") = "Repository", "Repository", "{DAD71489-33A6-437A-98E4-E4BA7EFC69DF}"
EndProject
Project("{2150E333-8FDC-42A3-9474-1A3956D46DE8}") = "Services", "Services", "{3343DF23-801C-415A-8025-096C287A89D6}"
EndProject
Project("{2150E333-8FDC-42A3-9474-1A3956D46DE8}") = "WebApp", "WebApp", "{C8073E42-2392-41B1-AD17-531EAF53310F}"
EndProject
Global
	GlobalSection(SolutionConfigurationPlatforms) = preSolution
		Debug|Any CPU = Debug|Any CPU
		Release|Any CPU = Release|Any CPU
	EndGlobalSection
	GlobalSection(ProjectConfigurationPlatforms) = postSolution
		{37C5DD2E-1A61-4ED4-949E-1896D5EB4A33}.Debug|Any CPU.ActiveCfg = Debug|Any CPU
		{37C5DD2E-1A61-4ED4-949E-1896D5EB4A33}.Debug|Any CPU.Build.0 = Debug|Any CPU
		{37C5DD2E-1A61-4ED4-949E-1896D5EB4A33}.Release|Any CPU.ActiveCfg = Release|Any CPU
		{37C5DD2E-1A61-4ED4-949E-1896D5EB4A33}.Release|Any CPU.Build.0 = Release|Any CPU
		{5A250827-E219-44A9-82B0-4445515FBDF5}.Debug|Any CPU.ActiveCfg = Debug|Any CPU
		{5A250827-E219-44A9-82B0-4445515FBDF5}.Debug|Any CPU.Build.0 = Debug|Any CPU
		{5A250827-E219-44A9-82B0-4445515FBDF5}.Release|Any CPU.ActiveCfg = Release|Any CPU
		{5A250827-E219-44A9-82B0-4445515FBDF5}.Release|Any CPU.Build.0 = Release|Any CPU
		{7FEDF3CF-88A5-4D41-A466-C1DBAF3B5815}.Debug|Any CPU.ActiveCfg = Debug|Any CPU
		{7FEDF3CF-88A5-4D41-A466-C1DBAF3B5815}.Debug|Any CPU.Build.0 = Debug|Any CPU
		{7FEDF3CF-88A5-4D41-A466-C1DBAF3B5815}.Release|Any CPU.ActiveCfg = Release|Any CPU
		{7FEDF3CF-88A5-4D41-A466-C1DBAF3B5815}.Release|Any CPU.Build.0 = Release|Any CPU
		{EAC1C8B0-2EB7-4764-82D4-EAFDFD643019}.Debug|Any CPU.ActiveCfg = Debug|Any CPU
		{EAC1C8B0-2EB7-4764-82D4-EAFDFD643019}.Debug|Any CPU.Build.0 = Debug|Any CPU
		{EAC1C8B0-2EB7-4764-82D4-EAFDFD643019}.Release|Any CPU.ActiveCfg = Release|Any CPU
		{EAC1C8B0-2EB7-4764-82D4-EAFDFD643019}.Release|Any CPU.Build.0 = Release|Any CPU
		{1599542A-8AE8-4F86-B927-625C8BBCFC7C}.Debug|Any CPU.ActiveCfg = Debug|Any CPU
		{1599542A-8AE8-4F86-B927-625C8BBCFC7C}.Debug|Any CPU.Build.0 = Debug|Any CPU
		{1599542A-8AE8-4F86-B927-625C8BBCFC7C}.Release|Any CPU.ActiveCfg = Release|Any CPU
		{1599542A-8AE8-4F86-B927-625C8BBCFC7C}.Release|Any CPU.Build.0 = Release|Any CPU
		{F78A9261-0CF0-471D-8644-6DD3D45CFF90}.Debug|Any CPU.ActiveCfg = Debug|Any CPU
		{F78A9261-0CF0-471D-8644-6DD3D45CFF90}.Debug|Any CPU.Build.0 = Debug|Any CPU
		{F78A9261-0CF0-471D-8644-6DD3D45CFF90}.Release|Any CPU.ActiveCfg = Release|Any CPU
		{F78A9261-0CF0-471D-8644-6DD3D45CFF90}.Release|Any CPU.Build.0 = Release|Any CPU
		{24CE009B-2185-4E6C-9FD5-6EC4A4AF6943}.Debug|Any CPU.ActiveCfg = Debug|Any CPU
		{24CE009B-2185-4E6C-9FD5-6EC4A4AF6943}.Debug|Any CPU.Build.0 = Debug|Any CPU
		{24CE009B-2185-4E6C-9FD5-6EC4A4AF6943}.Release|Any CPU.ActiveCfg = Release|Any CPU
		{24CE009B-2185-4E6C-9FD5-6EC4A4AF6943}.Release|Any CPU.Build.0 = Release|Any CPU
		{94999DB3-3E15-4208-B848-E45229724CB2}.Debug|Any CPU.ActiveCfg = Debug|Any CPU
		{94999DB3-3E15-4208-B848-E45229724CB2}.Debug|Any CPU.Build.0 = Debug|Any CPU
		{94999DB3-3E15-4208-B848-E45229724CB2}.Release|Any CPU.ActiveCfg = Release|Any CPU
		{94999DB3-3E15-4208-B848-E45229724CB2}.Release|Any CPU.Build.0 = Release|Any CPU
	EndGlobalSection
	GlobalSection(SolutionProperties) = preSolution
		HideSolutionNode = FALSE
	EndGlobalSection
	GlobalSection(NestedProjects) = preSolution
		{37C5DD2E-1A61-4ED4-949E-1896D5EB4A33} = {C090436E-3B35-4555-967E-3504C2A2178E}
		{5A250827-E219-44A9-82B0-4445515FBDF5} = {DAD71489-33A6-437A-98E4-E4BA7EFC69DF}
		{7FEDF3CF-88A5-4D41-A466-C1DBAF3B5815} = {DAD71489-33A6-437A-98E4-E4BA7EFC69DF}
		{EAC1C8B0-2EB7-4764-82D4-EAFDFD643019} = {DAD71489-33A6-437A-98E4-E4BA7EFC69DF}
		{1599542A-8AE8-4F86-B927-625C8BBCFC7C} = {3343DF23-801C-415A-8025-096C287A89D6}
		{F78A9261-0CF0-471D-8644-6DD3D45CFF90} = {3343DF23-801C-415A-8025-096C287A89D6}
		{24CE009B-2185-4E6C-9FD5-6EC4A4AF6943} = {C8073E42-2392-41B1-AD17-531EAF53310F}
		{94999DB3-3E15-4208-B848-E45229724CB2} = {C8073E42-2392-41B1-AD17-531EAF53310F}
	EndGlobalSection
	GlobalSection(ExtensibilityGlobals) = postSolution
		SolutionGuid = {A9CF947F-5745-4D18-BD25-7775684A65B7}
	EndGlobalSection
EndGlobal
